// !$*UTF8*$!
{
	archiveVersion = 1;
	classes = {
	};
	objectVersion = 56;
	objects = {

/* Begin PBXBuildFile section */
		1C976B692A07F20F00EC4590 /* AppDelegate.swift in Sources */ = {isa = PBXBuildFile; fileRef = 1C976B682A07F20F00EC4590 /* AppDelegate.swift */; };
		1C976B722A07F20F00EC4590 /* Assets.xcassets in Resources */ = {isa = PBXBuildFile; fileRef = 1C976B712A07F20F00EC4590 /* Assets.xcassets */; };
		1C976B752A07F20F00EC4590 /* LaunchScreen.storyboard in Resources */ = {isa = PBXBuildFile; fileRef = 1C976B732A07F20F00EC4590 /* LaunchScreen.storyboard */; };
		1C976B802A07F20F00EC4590 /* UsersAppTests.swift in Sources */ = {isa = PBXBuildFile; fileRef = 1C976B7F2A07F20F00EC4590 /* UsersAppTests.swift */; };
		1C976B9C2A07F3B800EC4590 /* UsersViewController.swift in Sources */ = {isa = PBXBuildFile; fileRef = 1C976B9A2A07F3B800EC4590 /* UsersViewController.swift */; };
		1C976B9D2A07F3B800EC4590 /* UsersViewController.xib in Resources */ = {isa = PBXBuildFile; fileRef = 1C976B9B2A07F3B800EC4590 /* UsersViewController.xib */; };
		1C976B9F2A07FE4E00EC4590 /* UsersViewController+TableView.swift in Sources */ = {isa = PBXBuildFile; fileRef = 1C976B9E2A07FE4E00EC4590 /* UsersViewController+TableView.swift */; };
		1C976BA22A0801CD00EC4590 /* UsersViewModel.swift in Sources */ = {isa = PBXBuildFile; fileRef = 1C976BA12A0801CD00EC4590 /* UsersViewModel.swift */; };
		1C976BA52A080C0600EC4590 /* UsersModel.swift in Sources */ = {isa = PBXBuildFile; fileRef = 1C976BA42A080C0600EC4590 /* UsersModel.swift */; };
		1C976BA82A0810DD00EC4590 /* RemoteUsersLoader.swift in Sources */ = {isa = PBXBuildFile; fileRef = 1C976BA72A0810DD00EC4590 /* RemoteUsersLoader.swift */; };
		1C976BAD2A0812F300EC4590 /* RemoteUsersLoaderTest.swift in Sources */ = {isa = PBXBuildFile; fileRef = 1C976BAC2A0812F300EC4590 /* RemoteUsersLoaderTest.swift */; };
		1C976BB02A0814BC00EC4590 /* UsersLoader.swift in Sources */ = {isa = PBXBuildFile; fileRef = 1C976BAF2A0814BC00EC4590 /* UsersLoader.swift */; };
/* End PBXBuildFile section */

/* Begin PBXContainerItemProxy section */
		1C976B7C2A07F20F00EC4590 /* PBXContainerItemProxy */ = {
			isa = PBXContainerItemProxy;
			containerPortal = 1C976B5D2A07F20F00EC4590 /* Project object */;
			proxyType = 1;
			remoteGlobalIDString = 1C976B642A07F20F00EC4590;
			remoteInfo = UsersApp;
		};
/* End PBXContainerItemProxy section */

/* Begin PBXFileReference section */
		1C976B652A07F20F00EC4590 /* UsersApp.app */ = {isa = PBXFileReference; explicitFileType = wrapper.application; includeInIndex = 0; path = UsersApp.app; sourceTree = BUILT_PRODUCTS_DIR; };
		1C976B682A07F20F00EC4590 /* AppDelegate.swift */ = {isa = PBXFileReference; lastKnownFileType = sourcecode.swift; path = AppDelegate.swift; sourceTree = "<group>"; };
		1C976B712A07F20F00EC4590 /* Assets.xcassets */ = {isa = PBXFileReference; lastKnownFileType = folder.assetcatalog; path = Assets.xcassets; sourceTree = "<group>"; };
		1C976B742A07F20F00EC4590 /* Base */ = {isa = PBXFileReference; lastKnownFileType = file.storyboard; name = Base; path = Base.lproj/LaunchScreen.storyboard; sourceTree = "<group>"; };
		1C976B762A07F20F00EC4590 /* Info.plist */ = {isa = PBXFileReference; lastKnownFileType = text.plist.xml; path = Info.plist; sourceTree = "<group>"; };
		1C976B7B2A07F20F00EC4590 /* UsersAppTests.xctest */ = {isa = PBXFileReference; explicitFileType = wrapper.cfbundle; includeInIndex = 0; path = UsersAppTests.xctest; sourceTree = BUILT_PRODUCTS_DIR; };
		1C976B7F2A07F20F00EC4590 /* UsersAppTests.swift */ = {isa = PBXFileReference; lastKnownFileType = sourcecode.swift; path = UsersAppTests.swift; sourceTree = "<group>"; };
		1C976B9A2A07F3B800EC4590 /* UsersViewController.swift */ = {isa = PBXFileReference; lastKnownFileType = sourcecode.swift; path = UsersViewController.swift; sourceTree = "<group>"; };
		1C976B9B2A07F3B800EC4590 /* UsersViewController.xib */ = {isa = PBXFileReference; lastKnownFileType = file.xib; path = UsersViewController.xib; sourceTree = "<group>"; };
		1C976B9E2A07FE4E00EC4590 /* UsersViewController+TableView.swift */ = {isa = PBXFileReference; lastKnownFileType = sourcecode.swift; path = "UsersViewController+TableView.swift"; sourceTree = "<group>"; };
		1C976BA12A0801CD00EC4590 /* UsersViewModel.swift */ = {isa = PBXFileReference; lastKnownFileType = sourcecode.swift; path = UsersViewModel.swift; sourceTree = "<group>"; };
		1C976BA42A080C0600EC4590 /* UsersModel.swift */ = {isa = PBXFileReference; lastKnownFileType = sourcecode.swift; path = UsersModel.swift; sourceTree = "<group>"; };
		1C976BA72A0810DD00EC4590 /* RemoteUsersLoader.swift */ = {isa = PBXFileReference; lastKnownFileType = sourcecode.swift; path = RemoteUsersLoader.swift; sourceTree = "<group>"; };
		1C976BAC2A0812F300EC4590 /* RemoteUsersLoaderTest.swift */ = {isa = PBXFileReference; lastKnownFileType = sourcecode.swift; path = RemoteUsersLoaderTest.swift; sourceTree = "<group>"; };
		1C976BAF2A0814BC00EC4590 /* UsersLoader.swift */ = {isa = PBXFileReference; lastKnownFileType = sourcecode.swift; path = UsersLoader.swift; sourceTree = "<group>"; };
/* End PBXFileReference section */

/* Begin PBXFrameworksBuildPhase section */
		1C976B622A07F20F00EC4590 /* Frameworks */ = {
			isa = PBXFrameworksBuildPhase;
			buildActionMask = 2147483647;
			files = (
			);
			runOnlyForDeploymentPostprocessing = 0;
		};
		1C976B782A07F20F00EC4590 /* Frameworks */ = {
			isa = PBXFrameworksBuildPhase;
			buildActionMask = 2147483647;
			files = (
			);
			runOnlyForDeploymentPostprocessing = 0;
		};
/* End PBXFrameworksBuildPhase section */

/* Begin PBXGroup section */
		1C976B5C2A07F20F00EC4590 = {
			isa = PBXGroup;
			children = (
				1C976B672A07F20F00EC4590 /* UsersApp */,
				1C976B7E2A07F20F00EC4590 /* UsersAppTests */,
				1C976B662A07F20F00EC4590 /* Products */,
			);
			sourceTree = "<group>";
		};
		1C976B662A07F20F00EC4590 /* Products */ = {
			isa = PBXGroup;
			children = (
				1C976B652A07F20F00EC4590 /* UsersApp.app */,
				1C976B7B2A07F20F00EC4590 /* UsersAppTests.xctest */,
			);
			name = Products;
			sourceTree = "<group>";
		};
		1C976B672A07F20F00EC4590 /* UsersApp */ = {
			isa = PBXGroup;
			children = (
				1C976BAE2A08149900EC4590 /* Classes */,
				1C976BA62A08100E00EC4590 /* Model */,
				1C976BA32A080BC700EC4590 /* Networking */,
				1C976BA02A0801A300EC4590 /* ViewModel */,
				1C976B982A07F38C00EC4590 /* Controllers */,
				1C976B682A07F20F00EC4590 /* AppDelegate.swift */,
				1C976B712A07F20F00EC4590 /* Assets.xcassets */,
				1C976B732A07F20F00EC4590 /* LaunchScreen.storyboard */,
				1C976B762A07F20F00EC4590 /* Info.plist */,
			);
			path = UsersApp;
			sourceTree = "<group>";
		};
		1C976B7E2A07F20F00EC4590 /* UsersAppTests */ = {
			isa = PBXGroup;
			children = (
				1C976BA92A08124700EC4590 /* NetworkingTests */,
				1C976B7F2A07F20F00EC4590 /* UsersAppTests.swift */,
			);
			path = UsersAppTests;
			sourceTree = "<group>";
		};
		1C976B982A07F38C00EC4590 /* Controllers */ = {
			isa = PBXGroup;
			children = (
				1C976B992A07F39D00EC4590 /* MainViewController */,
			);
			path = Controllers;
			sourceTree = "<group>";
		};
		1C976B992A07F39D00EC4590 /* MainViewController */ = {
			isa = PBXGroup;
			children = (
				1C976B9A2A07F3B800EC4590 /* UsersViewController.swift */,
				1C976B9B2A07F3B800EC4590 /* UsersViewController.xib */,
				1C976B9E2A07FE4E00EC4590 /* UsersViewController+TableView.swift */,
			);
			path = MainViewController;
			sourceTree = "<group>";
		};
		1C976BA02A0801A300EC4590 /* ViewModel */ = {
			isa = PBXGroup;
			children = (
				1C976BA12A0801CD00EC4590 /* UsersViewModel.swift */,
			);
			path = ViewModel;
			sourceTree = "<group>";
		};
		1C976BA32A080BC700EC4590 /* Networking */ = {
			isa = PBXGroup;
			children = (
				1C976BA72A0810DD00EC4590 /* RemoteUsersLoader.swift */,
			);
			path = Networking;
			sourceTree = "<group>";
		};
		1C976BA62A08100E00EC4590 /* Model */ = {
			isa = PBXGroup;
			children = (
				1C976BA42A080C0600EC4590 /* UsersModel.swift */,
			);
			path = Model;
			sourceTree = "<group>";
		};
		1C976BA92A08124700EC4590 /* NetworkingTests */ = {
			isa = PBXGroup;
			children = (
				1C976BAC2A0812F300EC4590 /* RemoteUsersLoaderTest.swift */,
			);
			path = NetworkingTests;
			sourceTree = "<group>";
		};
		1C976BAE2A08149900EC4590 /* Classes */ = {
			isa = PBXGroup;
			children = (
				1C976BAF2A0814BC00EC4590 /* UsersLoader.swift */,
			);
			path = Classes;
			sourceTree = "<group>";
		};
/* End PBXGroup section */

/* Begin PBXNativeTarget section */
		1C976B642A07F20F00EC4590 /* UsersApp */ = {
			isa = PBXNativeTarget;
			buildConfigurationList = 1C976B8F2A07F20F00EC4590 /* Build configuration list for PBXNativeTarget "UsersApp" */;
			buildPhases = (
				1C976B612A07F20F00EC4590 /* Sources */,
				1C976B622A07F20F00EC4590 /* Frameworks */,
				1C976B632A07F20F00EC4590 /* Resources */,
			);
			buildRules = (
			);
			dependencies = (
			);
			name = UsersApp;
			productName = UsersApp;
			productReference = 1C976B652A07F20F00EC4590 /* UsersApp.app */;
			productType = "com.apple.product-type.application";
		};
		1C976B7A2A07F20F00EC4590 /* UsersAppTests */ = {
			isa = PBXNativeTarget;
			buildConfigurationList = 1C976B922A07F20F00EC4590 /* Build configuration list for PBXNativeTarget "UsersAppTests" */;
			buildPhases = (
				1C976B772A07F20F00EC4590 /* Sources */,
				1C976B782A07F20F00EC4590 /* Frameworks */,
				1C976B792A07F20F00EC4590 /* Resources */,
			);
			buildRules = (
			);
			dependencies = (
				1C976B7D2A07F20F00EC4590 /* PBXTargetDependency */,
			);
			name = UsersAppTests;
			productName = UsersAppTests;
			productReference = 1C976B7B2A07F20F00EC4590 /* UsersAppTests.xctest */;
			productType = "com.apple.product-type.bundle.unit-test";
		};
/* End PBXNativeTarget section */

/* Begin PBXProject section */
		1C976B5D2A07F20F00EC4590 /* Project object */ = {
			isa = PBXProject;
			attributes = {
				BuildIndependentTargetsInParallel = 1;
				LastSwiftUpdateCheck = 1430;
				LastUpgradeCheck = 1430;
				TargetAttributes = {
					1C976B642A07F20F00EC4590 = {
						CreatedOnToolsVersion = 14.3;
					};
					1C976B7A2A07F20F00EC4590 = {
						CreatedOnToolsVersion = 14.3;
						TestTargetID = 1C976B642A07F20F00EC4590;
					};
				};
			};
			buildConfigurationList = 1C976B602A07F20F00EC4590 /* Build configuration list for PBXProject "UsersApp" */;
			compatibilityVersion = "Xcode 14.0";
			developmentRegion = en;
			hasScannedForEncodings = 0;
			knownRegions = (
				en,
				Base,
			);
			mainGroup = 1C976B5C2A07F20F00EC4590;
			productRefGroup = 1C976B662A07F20F00EC4590 /* Products */;
			projectDirPath = "";
			projectRoot = "";
			targets = (
				1C976B642A07F20F00EC4590 /* UsersApp */,
				1C976B7A2A07F20F00EC4590 /* UsersAppTests */,
			);
		};
/* End PBXProject section */

/* Begin PBXResourcesBuildPhase section */
		1C976B632A07F20F00EC4590 /* Resources */ = {
			isa = PBXResourcesBuildPhase;
			buildActionMask = 2147483647;
			files = (
				1C976B752A07F20F00EC4590 /* LaunchScreen.storyboard in Resources */,
				1C976B9D2A07F3B800EC4590 /* UsersViewController.xib in Resources */,
				1C976B722A07F20F00EC4590 /* Assets.xcassets in Resources */,
			);
			runOnlyForDeploymentPostprocessing = 0;
		};
		1C976B792A07F20F00EC4590 /* Resources */ = {
			isa = PBXResourcesBuildPhase;
			buildActionMask = 2147483647;
			files = (
			);
			runOnlyForDeploymentPostprocessing = 0;
		};
/* End PBXResourcesBuildPhase section */

/* Begin PBXSourcesBuildPhase section */
		1C976B612A07F20F00EC4590 /* Sources */ = {
			isa = PBXSourcesBuildPhase;
			buildActionMask = 2147483647;
			files = (
				1C976B692A07F20F00EC4590 /* AppDelegate.swift in Sources */,
				1C976BA22A0801CD00EC4590 /* UsersViewModel.swift in Sources */,
				1C976BB02A0814BC00EC4590 /* UsersLoader.swift in Sources */,
				1C976B9F2A07FE4E00EC4590 /* UsersViewController+TableView.swift in Sources */,
				1C976BA82A0810DD00EC4590 /* RemoteUsersLoader.swift in Sources */,
				1C976BA52A080C0600EC4590 /* UsersModel.swift in Sources */,
				1C976B9C2A07F3B800EC4590 /* UsersViewController.swift in Sources */,
			);
			runOnlyForDeploymentPostprocessing = 0;
		};
		1C976B772A07F20F00EC4590 /* Sources */ = {
			isa = PBXSourcesBuildPhase;
			buildActionMask = 2147483647;
			files = (
				1C976B802A07F20F00EC4590 /* UsersAppTests.swift in Sources */,
				1C976BAD2A0812F300EC4590 /* RemoteUsersLoaderTest.swift in Sources */,
			);
			runOnlyForDeploymentPostprocessing = 0;
		};
/* End PBXSourcesBuildPhase section */

/* Begin PBXTargetDependency section */
		1C976B7D2A07F20F00EC4590 /* PBXTargetDependency */ = {
			isa = PBXTargetDependency;
			target = 1C976B642A07F20F00EC4590 /* UsersApp */;
			targetProxy = 1C976B7C2A07F20F00EC4590 /* PBXContainerItemProxy */;
		};
/* End PBXTargetDependency section */

/* Begin PBXVariantGroup section */
		1C976B732A07F20F00EC4590 /* LaunchScreen.storyboard */ = {
			isa = PBXVariantGroup;
			children = (
				1C976B742A07F20F00EC4590 /* Base */,
			);
			name = LaunchScreen.storyboard;
			sourceTree = "<group>";
		};
/* End PBXVariantGroup section */

/* Begin XCBuildConfiguration section */
		1C976B8D2A07F20F00EC4590 /* Debug */ = {
			isa = XCBuildConfiguration;
			buildSettings = {
				ALWAYS_SEARCH_USER_PATHS = NO;
				CLANG_ANALYZER_NONNULL = YES;
				CLANG_ANALYZER_NUMBER_OBJECT_CONVERSION = YES_AGGRESSIVE;
				CLANG_CXX_LANGUAGE_STANDARD = "gnu++20";
				CLANG_ENABLE_MODULES = YES;
				CLANG_ENABLE_OBJC_ARC = YES;
				CLANG_ENABLE_OBJC_WEAK = YES;
				CLANG_WARN_BLOCK_CAPTURE_AUTORELEASING = YES;
				CLANG_WARN_BOOL_CONVERSION = YES;
				CLANG_WARN_COMMA = YES;
				CLANG_WARN_CONSTANT_CONVERSION = YES;
				CLANG_WARN_DEPRECATED_OBJC_IMPLEMENTATIONS = YES;
				CLANG_WARN_DIRECT_OBJC_ISA_USAGE = YES_ERROR;
				CLANG_WARN_DOCUMENTATION_COMMENTS = YES;
				CLANG_WARN_EMPTY_BODY = YES;
				CLANG_WARN_ENUM_CONVERSION = YES;
				CLANG_WARN_INFINITE_RECURSION = YES;
				CLANG_WARN_INT_CONVERSION = YES;
				CLANG_WARN_NON_LITERAL_NULL_CONVERSION = YES;
				CLANG_WARN_OBJC_IMPLICIT_RETAIN_SELF = YES;
				CLANG_WARN_OBJC_LITERAL_CONVERSION = YES;
				CLANG_WARN_OBJC_ROOT_CLASS = YES_ERROR;
				CLANG_WARN_QUOTED_INCLUDE_IN_FRAMEWORK_HEADER = YES;
				CLANG_WARN_RANGE_LOOP_ANALYSIS = YES;
				CLANG_WARN_STRICT_PROTOTYPES = YES;
				CLANG_WARN_SUSPICIOUS_MOVE = YES;
				CLANG_WARN_UNGUARDED_AVAILABILITY = YES_AGGRESSIVE;
				CLANG_WARN_UNREACHABLE_CODE = YES;
				CLANG_WARN__DUPLICATE_METHOD_MATCH = YES;
				COPY_PHASE_STRIP = NO;
				DEBUG_INFORMATION_FORMAT = dwarf;
				ENABLE_STRICT_OBJC_MSGSEND = YES;
				ENABLE_TESTABILITY = YES;
				GCC_C_LANGUAGE_STANDARD = gnu11;
				GCC_DYNAMIC_NO_PIC = NO;
				GCC_NO_COMMON_BLOCKS = YES;
				GCC_OPTIMIZATION_LEVEL = 0;
				GCC_PREPROCESSOR_DEFINITIONS = (
					"DEBUG=1",
					"$(inherited)",
				);
				GCC_WARN_64_TO_32_BIT_CONVERSION = YES;
				GCC_WARN_ABOUT_RETURN_TYPE = YES_ERROR;
				GCC_WARN_UNDECLARED_SELECTOR = YES;
				GCC_WARN_UNINITIALIZED_AUTOS = YES_AGGRESSIVE;
				GCC_WARN_UNUSED_FUNCTION = YES;
				GCC_WARN_UNUSED_VARIABLE = YES;
				IPHONEOS_DEPLOYMENT_TARGET = 16.4;
				MTL_ENABLE_DEBUG_INFO = INCLUDE_SOURCE;
				MTL_FAST_MATH = YES;
				ONLY_ACTIVE_ARCH = YES;
				SDKROOT = iphoneos;
				SWIFT_ACTIVE_COMPILATION_CONDITIONS = DEBUG;
				SWIFT_OPTIMIZATION_LEVEL = "-Onone";
			};
			name = Debug;
		};
		1C976B8E2A07F20F00EC4590 /* Release */ = {
			isa = XCBuildConfiguration;
			buildSettings = {
				ALWAYS_SEARCH_USER_PATHS = NO;
				CLANG_ANALYZER_NONNULL = YES;
				CLANG_ANALYZER_NUMBER_OBJECT_CONVERSION = YES_AGGRESSIVE;
				CLANG_CXX_LANGUAGE_STANDARD = "gnu++20";
				CLANG_ENABLE_MODULES = YES;
				CLANG_ENABLE_OBJC_ARC = YES;
				CLANG_ENABLE_OBJC_WEAK = YES;
				CLANG_WARN_BLOCK_CAPTURE_AUTORELEASING = YES;
				CLANG_WARN_BOOL_CONVERSION = YES;
				CLANG_WARN_COMMA = YES;
				CLANG_WARN_CONSTANT_CONVERSION = YES;
				CLANG_WARN_DEPRECATED_OBJC_IMPLEMENTATIONS = YES;
				CLANG_WARN_DIRECT_OBJC_ISA_USAGE = YES_ERROR;
				CLANG_WARN_DOCUMENTATION_COMMENTS = YES;
				CLANG_WARN_EMPTY_BODY = YES;
				CLANG_WARN_ENUM_CONVERSION = YES;
				CLANG_WARN_INFINITE_RECURSION = YES;
				CLANG_WARN_INT_CONVERSION = YES;
				CLANG_WARN_NON_LITERAL_NULL_CONVERSION = YES;
				CLANG_WARN_OBJC_IMPLICIT_RETAIN_SELF = YES;
				CLANG_WARN_OBJC_LITERAL_CONVERSION = YES;
				CLANG_WARN_OBJC_ROOT_CLASS = YES_ERROR;
				CLANG_WARN_QUOTED_INCLUDE_IN_FRAMEWORK_HEADER = YES;
				CLANG_WARN_RANGE_LOOP_ANALYSIS = YES;
				CLANG_WARN_STRICT_PROTOTYPES = YES;
				CLANG_WARN_SUSPICIOUS_MOVE = YES;
				CLANG_WARN_UNGUARDED_AVAILABILITY = YES_AGGRESSIVE;
				CLANG_WARN_UNREACHABLE_CODE = YES;
				CLANG_WARN__DUPLICATE_METHOD_MATCH = YES;
				COPY_PHASE_STRIP = NO;
				DEBUG_INFORMATION_FORMAT = "dwarf-with-dsym";
				ENABLE_NS_ASSERTIONS = NO;
				ENABLE_STRICT_OBJC_MSGSEND = YES;
				GCC_C_LANGUAGE_STANDARD = gnu11;
				GCC_NO_COMMON_BLOCKS = YES;
				GCC_WARN_64_TO_32_BIT_CONVERSION = YES;
				GCC_WARN_ABOUT_RETURN_TYPE = YES_ERROR;
				GCC_WARN_UNDECLARED_SELECTOR = YES;
				GCC_WARN_UNINITIALIZED_AUTOS = YES_AGGRESSIVE;
				GCC_WARN_UNUSED_FUNCTION = YES;
				GCC_WARN_UNUSED_VARIABLE = YES;
				IPHONEOS_DEPLOYMENT_TARGET = 16.4;
				MTL_ENABLE_DEBUG_INFO = NO;
				MTL_FAST_MATH = YES;
				SDKROOT = iphoneos;
				SWIFT_COMPILATION_MODE = wholemodule;
				SWIFT_OPTIMIZATION_LEVEL = "-O";
				VALIDATE_PRODUCT = YES;
			};
			name = Release;
		};
		1C976B902A07F20F00EC4590 /* Debug */ = {
			isa = XCBuildConfiguration;
			buildSettings = {
				ASSETCATALOG_COMPILER_APPICON_NAME = AppIcon;
				ASSETCATALOG_COMPILER_GLOBAL_ACCENT_COLOR_NAME = AccentColor;
				CODE_SIGN_STYLE = Automatic;
				CURRENT_PROJECT_VERSION = 1;
				DEVELOPMENT_TEAM = K6H8H2F87M;
				GENERATE_INFOPLIST_FILE = YES;
				INFOPLIST_FILE = UsersApp/Info.plist;
				INFOPLIST_KEY_UIApplicationSupportsIndirectInputEvents = YES;
				INFOPLIST_KEY_UILaunchStoryboardName = LaunchScreen;
				INFOPLIST_KEY_UIMainStoryboardFile = "";
				INFOPLIST_KEY_UISupportedInterfaceOrientations = UIInterfaceOrientationPortrait;
				LD_RUNPATH_SEARCH_PATHS = (
					"$(inherited)",
					"@executable_path/Frameworks",
				);
				MARKETING_VERSION = 1.0;
				PRODUCT_BUNDLE_IDENTIFIER = com.michaelrodriguez.UsersApp;
				PRODUCT_NAME = "$(TARGET_NAME)";
				SWIFT_EMIT_LOC_STRINGS = YES;
				SWIFT_VERSION = 5.0;
				TARGETED_DEVICE_FAMILY = "1,2";
			};
			name = Debug;
		};
		1C976B912A07F20F00EC4590 /* Release */ = {
			isa = XCBuildConfiguration;
			buildSettings = {
				ASSETCATALOG_COMPILER_APPICON_NAME = AppIcon;
				ASSETCATALOG_COMPILER_GLOBAL_ACCENT_COLOR_NAME = AccentColor;
				CODE_SIGN_STYLE = Automatic;
				CURRENT_PROJECT_VERSION = 1;
				DEVELOPMENT_TEAM = K6H8H2F87M;
				GENERATE_INFOPLIST_FILE = YES;
				INFOPLIST_FILE = UsersApp/Info.plist;
				INFOPLIST_KEY_UIApplicationSupportsIndirectInputEvents = YES;
				INFOPLIST_KEY_UILaunchStoryboardName = LaunchScreen;
				INFOPLIST_KEY_UIMainStoryboardFile = "";
				INFOPLIST_KEY_UISupportedInterfaceOrientations = UIInterfaceOrientationPortrait;
				LD_RUNPATH_SEARCH_PATHS = (
					"$(inherited)",
					"@executable_path/Frameworks",
				);
				MARKETING_VERSION = 1.0;
				PRODUCT_BUNDLE_IDENTIFIER = com.michaelrodriguez.UsersApp;
				PRODUCT_NAME = "$(TARGET_NAME)";
				SWIFT_EMIT_LOC_STRINGS = YES;
				SWIFT_VERSION = 5.0;
				TARGETED_DEVICE_FAMILY = "1,2";
			};
			name = Release;
		};
		1C976B932A07F20F00EC4590 /* Debug */ = {
			isa = XCBuildConfiguration;
			buildSettings = {
				ALWAYS_EMBED_SWIFT_STANDARD_LIBRARIES = YES;
				BUNDLE_LOADER = "$(TEST_HOST)";
				CODE_SIGN_STYLE = Automatic;
				CURRENT_PROJECT_VERSION = 1;
				DEVELOPMENT_TEAM = K6H8H2F87M;
				GENERATE_INFOPLIST_FILE = YES;
				IPHONEOS_DEPLOYMENT_TARGET = 16.4;
				MARKETING_VERSION = 1.0;
				PRODUCT_BUNDLE_IDENTIFIER = com.michaelrodriguez.UsersAppTests;
				PRODUCT_NAME = "$(TARGET_NAME)";
				SWIFT_EMIT_LOC_STRINGS = NO;
				SWIFT_VERSION = 5.0;
				TARGETED_DEVICE_FAMILY = "1,2";
				TEST_HOST = "$(BUILT_PRODUCTS_DIR)/UsersApp.app/$(BUNDLE_EXECUTABLE_FOLDER_PATH)/UsersApp";
			};
			name = Debug;
		};
		1C976B942A07F20F00EC4590 /* Release */ = {
			isa = XCBuildConfiguration;
			buildSettings = {
				ALWAYS_EMBED_SWIFT_STANDARD_LIBRARIES = YES;
				BUNDLE_LOADER = "$(TEST_HOST)";
				CODE_SIGN_STYLE = Automatic;
				CURRENT_PROJECT_VERSION = 1;
				DEVELOPMENT_TEAM = K6H8H2F87M;
				GENERATE_INFOPLIST_FILE = YES;
				IPHONEOS_DEPLOYMENT_TARGET = 16.4;
				MARKETING_VERSION = 1.0;
				PRODUCT_BUNDLE_IDENTIFIER = com.michaelrodriguez.UsersAppTests;
				PRODUCT_NAME = "$(TARGET_NAME)";
				SWIFT_EMIT_LOC_STRINGS = NO;
				SWIFT_VERSION = 5.0;
				TARGETED_DEVICE_FAMILY = "1,2";
				TEST_HOST = "$(BUILT_PRODUCTS_DIR)/UsersApp.app/$(BUNDLE_EXECUTABLE_FOLDER_PATH)/UsersApp";
			};
			name = Release;
		};
/* End XCBuildConfiguration section */

/* Begin XCConfigurationList section */
		1C976B602A07F20F00EC4590 /* Build configuration list for PBXProject "UsersApp" */ = {
			isa = XCConfigurationList;
			buildConfigurations = (
				1C976B8D2A07F20F00EC4590 /* Debug */,
				1C976B8E2A07F20F00EC4590 /* Release */,
			);
			defaultConfigurationIsVisible = 0;
			defaultConfigurationName = Release;
		};
		1C976B8F2A07F20F00EC4590 /* Build configuration list for PBXNativeTarget "UsersApp" */ = {
			isa = XCConfigurationList;
			buildConfigurations = (
				1C976B902A07F20F00EC4590 /* Debug */,
				1C976B912A07F20F00EC4590 /* Release */,
			);
			defaultConfigurationIsVisible = 0;
			defaultConfigurationName = Release;
		};
		1C976B922A07F20F00EC4590 /* Build configuration list for PBXNativeTarget "UsersAppTests" */ = {
			isa = XCConfigurationList;
			buildConfigurations = (
				1C976B932A07F20F00EC4590 /* Debug */,
				1C976B942A07F20F00EC4590 /* Release */,
			);
			defaultConfigurationIsVisible = 0;
			defaultConfigurationName = Release;
		};
/* End XCConfigurationList section */
	};
	rootObject = 1C976B5D2A07F20F00EC4590 /* Project object */;
}
